{
  "name": "project",
  "version": "1.0.0",
  "lockfileVersion": 1,
  "requires": true,
  "dependencies": {
    "square-add": {
      "version": "1.0.0",
      "resolved": "https://registry.npmjs.org/square-add/-/square-add-1.0.0.tgz",
      "integrity": "sha512-LiWLCo091Loteaz2NpaU6jSu7gp2JBlVcYFqIaYrPRPPW9mmlYB1l2g0sPUblbRYkSTE91CoDHSvIMWmesQ5wQ=="
    }
  }
}
